
Microsoft Visual Studio Solution File, Format Version 12.00
# Visual Studio Version 16
VisualStudioVersion = 25.0.1705.6
MinimumVisualStudioVersion = 10.0.40219.1
Project("{FAE04EC0-301F-11D3-BF4B-00C04F79EFBC}") = "homework3d", "homework3d\homework3d.csproj", "{2485341C-F60D-473B-9F5E-3D70A9A7C2D4}"
EndProject
Global
	GlobalSection(SolutionConfigurationPlatforms) = preSolution
		Debug|Any CPU = Debug|Any CPU
		Release|Any CPU = Release|Any CPU
	EndGlobalSection
	GlobalSection(ProjectConfigurationPlatforms) = postSolution
		{2485341C-F60D-473B-9F5E-3D70A9A7C2D4}.Debug|Any CPU.ActiveCfg = Debug|Any CPU
		{2485341C-F60D-473B-9F5E-3D70A9A7C2D4}.Debug|Any CPU.Build.0 = Debug|Any CPU
		{2485341C-F60D-473B-9F5E-3D70A9A7C2D4}.Release|Any CPU.ActiveCfg = Release|Any CPU
		{2485341C-F60D-473B-9F5E-3D70A9A7C2D4}.Release|Any CPU.Build.0 = Release|Any CPU
	EndGlobalSection
	GlobalSection(SolutionProperties) = preSolution
		HideSolutionNode = FALSE
	EndGlobalSection
	GlobalSection(ExtensibilityGlobals) = postSolution
		SolutionGuid = {754889D9-90CF-44D8-B526-0D4A473ADC1F}
	EndGlobalSection
EndGlobal
